
Microsoft Visual Studio Solution File, Format Version 12.00
# Visual Studio Version 16
VisualStudioVersion = 16.0.28315.86
MinimumVisualStudioVersion = 10.0.40219.1
Project("{9A19103F-16F7-4668-BE54-9A1E7A4F7556}") = "Gate.Opus", "Gate.Opus\Gate.Opus.csproj", "{2E5FD117-BA0F-448A-98EC-AF371D9B00EB}"
EndProject
Project("{9A19103F-16F7-4668-BE54-9A1E7A4F7556}") = "Gate.Opus.Demo", "Gate.Opus.Demo\Gate.Opus.Demo.csproj", "{13A385E1-FA02-4005-902A-BDC9BF64D89C}"
EndProject
Project("{9A19103F-16F7-4668-BE54-9A1E7A4F7556}") = "MumbleSharp", "MumbleSharp\MumbleSharp.csproj", "{CCF6DB4F-D16F-45F3-920D-E265927BB430}"
EndProject
Project("{FAE04EC0-301F-11D3-BF4B-00C04F79EFBC}") = "MumbleSharp.Demo", "MumbleSharp.Demo\MumbleSharp.Demo.csproj", "{1022F8A6-7427-413C-8BB1-5AFA0E1F8895}"
EndProject
Project("{FAE04EC0-301F-11D3-BF4B-00C04F79EFBC}") = "NAudio.Pulse", "NAudio.Pulse\NAudio.Pulse.csproj", "{97861794-CB99-4A9E-8629-B7A5DD917FF7}"
EndProject
Project("{FAE04EC0-301F-11D3-BF4B-00C04F79EFBC}") = "PulseAudioNet", "PulseAudioNet\PulseAudioNet.csproj", "{BE46D1AB-338D-464A-B228-3216CA469F07}"
EndProject
Project("{FAE04EC0-301F-11D3-BF4B-00C04F79EFBC}") = "PulseAudioNet.Demo", "PulseAudioNet.Demo\PulseAudioNet.Demo.csproj", "{2B1132D2-9B2B-4F3E-B40C-CF4C090E674C}"
EndProject
Global
	GlobalSection(SolutionConfigurationPlatforms) = preSolution
		Debug|Any CPU = Debug|Any CPU
		Release|Any CPU = Release|Any CPU
	EndGlobalSection
	GlobalSection(ProjectConfigurationPlatforms) = postSolution
		{2E5FD117-BA0F-448A-98EC-AF371D9B00EB}.Debug|Any CPU.ActiveCfg = Debug|Any CPU
		{2E5FD117-BA0F-448A-98EC-AF371D9B00EB}.Debug|Any CPU.Build.0 = Debug|Any CPU
		{2E5FD117-BA0F-448A-98EC-AF371D9B00EB}.Release|Any CPU.ActiveCfg = Release|Any CPU
		{2E5FD117-BA0F-448A-98EC-AF371D9B00EB}.Release|Any CPU.Build.0 = Release|Any CPU
		{13A385E1-FA02-4005-902A-BDC9BF64D89C}.Debug|Any CPU.ActiveCfg = Debug|Any CPU
		{13A385E1-FA02-4005-902A-BDC9BF64D89C}.Debug|Any CPU.Build.0 = Debug|Any CPU
		{13A385E1-FA02-4005-902A-BDC9BF64D89C}.Release|Any CPU.ActiveCfg = Release|Any CPU
		{13A385E1-FA02-4005-902A-BDC9BF64D89C}.Release|Any CPU.Build.0 = Release|Any CPU
		{CCF6DB4F-D16F-45F3-920D-E265927BB430}.Debug|Any CPU.ActiveCfg = Debug|Any CPU
		{CCF6DB4F-D16F-45F3-920D-E265927BB430}.Debug|Any CPU.Build.0 = Debug|Any CPU
		{CCF6DB4F-D16F-45F3-920D-E265927BB430}.Release|Any CPU.ActiveCfg = Release|Any CPU
		{CCF6DB4F-D16F-45F3-920D-E265927BB430}.Release|Any CPU.Build.0 = Release|Any CPU
		{1022F8A6-7427-413C-8BB1-5AFA0E1F8895}.Debug|Any CPU.ActiveCfg = Debug|Any CPU
		{1022F8A6-7427-413C-8BB1-5AFA0E1F8895}.Debug|Any CPU.Build.0 = Debug|Any CPU
		{1022F8A6-7427-413C-8BB1-5AFA0E1F8895}.Release|Any CPU.ActiveCfg = Release|Any CPU
		{1022F8A6-7427-413C-8BB1-5AFA0E1F8895}.Release|Any CPU.Build.0 = Release|Any CPU
		{97861794-CB99-4A9E-8629-B7A5DD917FF7}.Debug|Any CPU.ActiveCfg = Debug|Any CPU
		{97861794-CB99-4A9E-8629-B7A5DD917FF7}.Debug|Any CPU.Build.0 = Debug|Any CPU
		{97861794-CB99-4A9E-8629-B7A5DD917FF7}.Release|Any CPU.ActiveCfg = Release|Any CPU
		{97861794-CB99-4A9E-8629-B7A5DD917FF7}.Release|Any CPU.Build.0 = Release|Any CPU
		{BE46D1AB-338D-464A-B228-3216CA469F07}.Debug|Any CPU.ActiveCfg = Debug|Any CPU
		{BE46D1AB-338D-464A-B228-3216CA469F07}.Debug|Any CPU.Build.0 = Debug|Any CPU
		{BE46D1AB-338D-464A-B228-3216CA469F07}.Release|Any CPU.ActiveCfg = Release|Any CPU
		{BE46D1AB-338D-464A-B228-3216CA469F07}.Release|Any CPU.Build.0 = Release|Any CPU
		{2B1132D2-9B2B-4F3E-B40C-CF4C090E674C}.Debug|Any CPU.ActiveCfg = Debug|Any CPU
		{2B1132D2-9B2B-4F3E-B40C-CF4C090E674C}.Debug|Any CPU.Build.0 = Debug|Any CPU
		{2B1132D2-9B2B-4F3E-B40C-CF4C090E674C}.Release|Any CPU.ActiveCfg = Release|Any CPU
		{2B1132D2-9B2B-4F3E-B40C-CF4C090E674C}.Release|Any CPU.Build.0 = Release|Any CPU
	EndGlobalSection
	GlobalSection(SolutionProperties) = preSolution
		HideSolutionNode = FALSE
	EndGlobalSection
	GlobalSection(ExtensibilityGlobals) = postSolution
		SolutionGuid = {18B5C95C-495C-4D8A-B6BA-4649C5E59AC3}
	EndGlobalSection
EndGlobal
